# This file is automatically @generated by Poetry 1.4.2 and should not be changed by hand.

[[package]]
name = "discovery"
version = "0.0.4"
description = "Python library for getting values from ETCD"
category = "main"
optional = false
python-versions = "*"
files = [
    {file = "discovery-0.0.4.tar.gz", hash = "sha256:76504c1d07b687082cb6c64fa78991533508b797c6df203f3aa824c99b06ecec"},
]

[package.dependencies]
requests = "2.5.0"

[[package]]
name = "isodate"
version = "0.6.1"
description = "An ISO 8601 date/time/duration parser and formatter"
category = "main"
optional = false
python-versions = "*"
files = [
    {file = "isodate-0.6.1-py2.py3-none-any.whl", hash = "sha256:0751eece944162659049d35f4f549ed815792b38793f07cf73381c1c87cbed96"},
    {file = "isodate-0.6.1.tar.gz", hash = "sha256:48c5881de7e8b0a0d648cb024c8062dc84e7b840ed81e864c7614fd3c127bde9"},
]

[package.dependencies]
six = "*"

[[package]]
name = "requests"
version = "2.5.0"
description = "Python HTTP for Humans."
category = "main"
optional = false
python-versions = "*"
files = [
    {file = "requests-2.5.0-py2.py3-none-any.whl", hash = "sha256:66cbb850987e47177a3b4112392490bcb76eb75b37cc53da007e35f3ec894bc1"},
    {file = "requests-2.5.0.tar.gz", hash = "sha256:d2daef4919fc87262b8b3cb5a9d214cac8ce1e50950f8423bbc1d31c2e63d38e"},
]

[package.extras]
security = ["ndg-httpsclient", "pyOpenSSL", "pyasn1"]

[[package]]
name = "six"
version = "1.16.0"
description = "Python 2 and 3 compatibility utilities"
category = "main"
optional = false
python-versions = ">=2.7, !=3.0.*, !=3.1.*, !=3.2.*"
files = [
    {file = "six-1.16.0-py2.py3-none-any.whl", hash = "sha256:8abb2f1d86890a2dfb989f9a77cfcfd3e47c2a354b01111771326f8aa26e0254"},
    {file = "six-1.16.0.tar.gz", hash = "sha256:1e61c37477a1626458e36f7b1d82aa5c9b094fa4802892072e49de9c60c4c926"},
]

[metadata]
lock-version = "2.0"
python-versions = "^3.11"
content-hash = "1c67153906c33af547671bbe0b6dff96ac22ba9bd3a65a63c2e5237b5f322044"
